<Solution>
  <Folder Name="/amp/" />
  <Folder Name="/amp/src/">
    <Project Path="amp/src/AspirePoc.Amp.csproj" />
  </Folder>
  <Folder Name="/apphost/" />
  <Folder Name="/apphost/src/">
    <Project Path="apphost/src/AspirePoc.AppHost.csproj" />
  </Folder>
  <Folder Name="/gch/" />
  <Folder Name="/gch/src/">
    <Project Path="gch/src/AspirePoc.Gch.csproj" />
  </Folder>
  <Folder Name="/indexer/" />
  <Folder Name="/indexer/src/">
    <Project Path="indexer/src/AspirePoc.Indexer.csproj" />
  </Folder>
  <Folder Name="/integration-tests/" />
  <Folder Name="/integration-tests/src/">
    <Project Path="integration-tests/src/AspirePoc.IntegrationTests.csproj" />
  </Folder>
  <Folder Name="/pre-processor/" />
  <Folder Name="/pre-processor/src/">
    <Project Path="pre-processor/src/AspirePoc.PreProcessor.csproj" />
  </Folder>
  <Folder Name="/royalty-calculation/" />
  <Folder Name="/royalty-calculation/src/">
    <Project Path="royalty-calculation/src/AspirePoc.RoyaltyCalculation.csproj" />
  </Folder>
  <Folder Name="/shared-observability/" />
  <Folder Name="/shared-observability/src/">
    <Project Path="shared-observability/src/AspirePoc.SharedObservability.csproj" />
  </Folder>
</Solution>
